
Microsoft Visual Studio Solution File, Format Version 12.00
# Visual Studio Version 16
VisualStudioVersion = 16.0.30011.22
MinimumVisualStudioVersion = 15.0.26124.0
Project("{9A19103F-16F7-4668-BE54-9A1E7A4F7556}") = "Lab03-SystemIO", "Lab03-SystemIO\Lab03-SystemIO.csproj", "{EF4B68DF-8958-42F2-B0B6-112AF2F2CEA4}"
EndProject
Project("{FAE04EC0-301F-11D3-BF4B-00C04F79EFBC}") = "Lab03-SystemIOTests", "Lab03-SystemIOTests\Lab03-SystemIOTests.csproj", "{7808990C-448A-43DA-9546-0657DD022798}"
EndProject
Global
	GlobalSection(SolutionConfigurationPlatforms) = preSolution
		Debug|Any CPU = Debug|Any CPU
		Debug|x64 = Debug|x64
		Debug|x86 = Debug|x86
		Release|Any CPU = Release|Any CPU
		Release|x64 = Release|x64
		Release|x86 = Release|x86
	EndGlobalSection
	GlobalSection(ProjectConfigurationPlatforms) = postSolution
		{EF4B68DF-8958-42F2-B0B6-112AF2F2CEA4}.Debug|Any CPU.ActiveCfg = Debug|Any CPU
		{EF4B68DF-8958-42F2-B0B6-112AF2F2CEA4}.Debug|Any CPU.Build.0 = Debug|Any CPU
		{EF4B68DF-8958-42F2-B0B6-112AF2F2CEA4}.Debug|x64.ActiveCfg = Debug|Any CPU
		{EF4B68DF-8958-42F2-B0B6-112AF2F2CEA4}.Debug|x64.Build.0 = Debug|Any CPU
		{EF4B68DF-8958-42F2-B0B6-112AF2F2CEA4}.Debug|x86.ActiveCfg = Debug|Any CPU
		{EF4B68DF-8958-42F2-B0B6-112AF2F2CEA4}.Debug|x86.Build.0 = Debug|Any CPU
		{EF4B68DF-8958-42F2-B0B6-112AF2F2CEA4}.Release|Any CPU.ActiveCfg = Release|Any CPU
		{EF4B68DF-8958-42F2-B0B6-112AF2F2CEA4}.Release|Any CPU.Build.0 = Release|Any CPU
		{EF4B68DF-8958-42F2-B0B6-112AF2F2CEA4}.Release|x64.ActiveCfg = Release|Any CPU
		{EF4B68DF-8958-42F2-B0B6-112AF2F2CEA4}.Release|x64.Build.0 = Release|Any CPU
		{EF4B68DF-8958-42F2-B0B6-112AF2F2CEA4}.Release|x86.ActiveCfg = Release|Any CPU
		{EF4B68DF-8958-42F2-B0B6-112AF2F2CEA4}.Release|x86.Build.0 = Release|Any CPU
		{7808990C-448A-43DA-9546-0657DD022798}.Debug|Any CPU.ActiveCfg = Debug|Any CPU
		{7808990C-448A-43DA-9546-0657DD022798}.Debug|Any CPU.Build.0 = Debug|Any CPU
		{7808990C-448A-43DA-9546-0657DD022798}.Debug|x64.ActiveCfg = Debug|Any CPU
		{7808990C-448A-43DA-9546-0657DD022798}.Debug|x64.Build.0 = Debug|Any CPU
		{7808990C-448A-43DA-9546-0657DD022798}.Debug|x86.ActiveCfg = Debug|Any CPU
		{7808990C-448A-43DA-9546-0657DD022798}.Debug|x86.Build.0 = Debug|Any CPU
		{7808990C-448A-43DA-9546-0657DD022798}.Release|Any CPU.ActiveCfg = Release|Any CPU
		{7808990C-448A-43DA-9546-0657DD022798}.Release|Any CPU.Build.0 = Release|Any CPU
		{7808990C-448A-43DA-9546-0657DD022798}.Release|x64.ActiveCfg = Release|Any CPU
		{7808990C-448A-43DA-9546-0657DD022798}.Release|x64.Build.0 = Release|Any CPU
		{7808990C-448A-43DA-9546-0657DD022798}.Release|x86.ActiveCfg = Release|Any CPU
		{7808990C-448A-43DA-9546-0657DD022798}.Release|x86.Build.0 = Release|Any CPU
	EndGlobalSection
	GlobalSection(SolutionProperties) = preSolution
		HideSolutionNode = FALSE
	EndGlobalSection
	GlobalSection(ExtensibilityGlobals) = postSolution
		SolutionGuid = {A7D5C3CE-16F0-4CC5-B3C4-E7DFB1CAE8DB}
	EndGlobalSection
EndGlobal
